# This file is autogenerated, do not edit; changes may be undone by the next 'dep ensure'.


[[projects]]
  name = "github.com/franela/goblin"
  packages = ["."]
  revision = "e1d62a381788849230ccae88ebf522ba59753477"

[[projects]]
  name = "github.com/fsnotify/fsnotify"
  packages = ["."]
  revision = "f12c6236fe7b5cf6bcf30e5935d08cb079d78334"

[[projects]]
  name = "github.com/getsentry/raven-go"
  packages = ["."]
  revision = "c9d3cc542ad199f62c0264286be537f9bce6063c"

[[projects]]
  name = "github.com/hashicorp/hcl"
  packages = [".","hcl/ast","hcl/parser","hcl/scanner","hcl/strconv","hcl/token","json/parser","json/scanner","json/token"]
  revision = "baeb59c710717b06aac1dbe2270e8192ec593244"

[[projects]]
  name = "github.com/inconshreveable/mousetrap"
  packages = ["."]
  revision = "76626ae9c91c4f2a10f34cad8ce83ea42c93bb75"
  version = "v1.0"

[[projects]]
  branch = "master"
  name = "github.com/kr/fs"
  packages = ["."]
  revision = "2788f0dbd16903de03cb8186e5c7d97b69ad387b"

[[projects]]
  name = "github.com/labstack/echo"
  packages = [".","context","engine","engine/standard","log"]
  revision = "04e6901d05b58ddbae579a6252a3d1bb3f334adc"
  version = "v2.1"

[[projects]]
  name = "github.com/labstack/gommon"
  packages = ["color","log"]
  revision = "2d272df536d051e737aea353b86c979d6e88bce0"
  version = "v0.1.0"

[[projects]]
  name = "github.com/magiconair/properties"
  packages = ["."]
  revision = "61b492c03cf472e0c6419be5899b8e0dc28b1b88"

[[projects]]
  name = "github.com/mattn/go-colorable"
  packages = ["."]
  revision = "ed8eb9e318d7a84ce5915b495b7d35e0cfe7b5a8"
  version = "v0.0.6"

[[projects]]
  name = "github.com/mattn/go-isatty"
  packages = ["."]
  revision = "66b8e73f3f5cda9f96b69efd03dd3d7fc4a5cdb8"

[[projects]]
  name = "github.com/mitchellh/mapstructure"
  packages = ["."]
  revision = "ca63d7c062ee3c9f34db231e352b60012b4fd0c1"

[[projects]]
  name = "github.com/newrelic/go-agent"
  packages = [".","internal","internal/jsonx","internal/logger","internal/sysinfo","internal/utilization"]
  revision = "372845e16294c9fa73951b27d5631b601643fc51"
  version = "v1.4.0"

[[projects]]
  name = "github.com/onsi/gomega"
  packages = [".","format","internal/assertion","internal/asyncassertion","internal/oraclematcher","internal/testingtsupport","matchers","matchers/support/goraph/bipartitegraph","matchers/support/goraph/edge","matchers/support/goraph/node","matchers/support/goraph/util","types"]
  revision = "c90bd38f8da6e92f8b114953db2f0ad7361fb4b4"

[[projects]]
  branch = "master"
  name = "github.com/op/go-logging"
  packages = ["."]
  revision = "970db520ece77730c7e4724c61121037378659d9"

[[projects]]
  name = "github.com/pelletier/go-buffruneio"
  packages = ["."]
  revision = "df1e16fde7fc330a0ca68167c23bf7ed6ac31d6d"
  version = "v0.1.0"

[[projects]]
  name = "github.com/pelletier/go-toml"
  packages = ["."]
  revision = "5a62685873ef617233ab5f1b825a6e4a758e16cf"

[[projects]]
  name = "github.com/pkg/errors"
  packages = ["."]
  revision = "17b591df37844cde689f4d5813e5cea0927d8dd2"
  version = "v0.7.1"

[[projects]]
  name = "github.com/pkg/sftp"
  packages = ["."]
  revision = "a71e8f580e3b622ebff585309160b1cc549ef4d2"

[[projects]]
  name = "github.com/satori/go.uuid"
  packages = ["."]
  revision = "0aa62d5ddceb50dbcb909d790b5345affd3669b6"

[[projects]]
  name = "github.com/spf13/afero"
  packages = [".","mem","sftp"]
  revision = "20500e2abd0d1f4564a499e83d11d6c73cd58c27"

[[projects]]
  name = "github.com/spf13/cast"
  packages = ["."]
  revision = "e31f36ffc91a2ba9ddb72a4b6a607ff9b3d3cb63"

[[projects]]
  name = "github.com/spf13/cobra"
  packages = ["."]
  revision = "37c3f8060359192150945916cbc2d72bce804b4d"

[[projects]]
  name = "github.com/spf13/jwalterweatherman"
  packages = ["."]
  revision = "33c24e77fb80341fe7130ee7c594256ff08ccc46"

[[projects]]
  name = "github.com/spf13/pflag"
  packages = ["."]
  revision = "103ce5cd2042f2fe629c1957abb64ab3e7f50235"

[[projects]]
  name = "github.com/spf13/viper"
  packages = ["."]
  revision = "7fb2782df3d83e0036cc89f461ed0422628776f4"

[[projects]]
  name = "github.com/uber-go/atomic"
  packages = ["."]
  revision = "0c9e689d64f004564b79d9a663634756df322902"
  version = "v1.0.0"

[[projects]]
  name = "github.com/uber-go/zap"
  packages = ["."]
  revision = "d11d2851fcabcf03421c4dbdbc3146fc74eb1035"

[[projects]]
  name = "github.com/valyala/fasttemplate"
  packages = ["."]
  revision = "3b874956e03f1636d171bda64b130f9135f42cff"

[[projects]]
  name = "golang.org/x/crypto"
  packages = ["curve25519","ed25519","ed25519/internal/edwards25519","ssh"]
  revision = "986d3313588aa5c68f1df95eac956f79cf3b2c01"

[[projects]]
  name = "golang.org/x/net"
  packages = ["context"]
  revision = "7394c112eae4dba7e96bfcfe738e6373d61772b4"

[[projects]]
  name = "golang.org/x/sys"
  packages = ["unix"]
  revision = "a646d33e2ee3172a661fc09bca23bb4889a41bc8"

[[projects]]
  name = "golang.org/x/text"
  packages = ["internal/gen","internal/triegen","internal/ucd","transform","unicode/cldr","unicode/norm"]
  revision = "d69c40b4be55797923cec7457fac7a244d91a9b6"

[[projects]]
  branch = "v2"
  name = "gopkg.in/mgo.v2"
  packages = [".","bson","internal/json","internal/sasl","internal/scram"]
  revision = "3f83fa5005286a7fe593b055f0d7771a7dce4655"

[[projects]]
  name = "gopkg.in/olivere/elastic.v5"
  packages = [".","uritemplates"]
  revision = "f1fd7305d0b6270192b27010fe1193568b18e4b6"
  version = "v5.0.39"

[[projects]]
  name = "gopkg.in/yaml.v2"
  packages = ["."]
  revision = "e4d366fc3c7938e2958e662b4258c7a89e1f0e3e"

[solve-meta]
  analyzer-name = "dep"
  analyzer-version = 1
  inputs-digest = "7a668e52a3f593b9a8661d58317b5fb4556735bb5438c7037ccc2790f2fd5251"
  solver-name = "gps-cdcl"
  solver-version = 1
