# This file is autogenerated, do not edit; changes may be undone by the next 'dep ensure'.


[[projects]]
  digest = "1:2352c551ed8f8e79b5985a732dddb43482b55ba7ac519a544da441b9f6aa2137"
  name = "cloud.google.com/go"
  packages = ["compute/metadata"]
  pruneopts = ""
  revision = "4b98a6370e36d7a85192e7bad08a4ebd82eac2a8"
  version = "v0.20.0"

[[projects]]
  digest = "1:b801fcfde3e5b0b997919941238438a7eb5ca43e431467e19540b59626908e18"
  name = "github.com/DataDog/datadog-go"
  packages = ["statsd"]
  pruneopts = ""
  revision = "0ddda6bee21174ef6c4873647cb0d6ec9cba996f"
  version = "1.1.0"

[[projects]]
  digest = "1:158df1b5f5844347008fa48fc3efc82131d6b67570a31516a04115a67facdabd"
  name = "github.com/apache/thrift"
  packages = ["lib/go/thrift"]
  pruneopts = ""
  revision = "b2a4d4ae21c789b689dd162deb819665567f481c"
  version = "0.10.0"

[[projects]]
  digest = "1:d8a2bb36a048d1571bcc1aee208b61f39dc16c6c53823feffd37449dde162507"
  name = "github.com/asaskevich/govalidator"
  packages = ["."]
  pruneopts = ""
  revision = "ccb8e960c48f04d6935e72476ae4a51028f9e22f"
  version = "v9"

[[projects]]
  branch = "master"
  digest = "1:c46fd324e7902268373e1b337436a6377c196e2dbd7b35624c6256d29d494e78"
  name = "github.com/codahale/hdrhistogram"
  packages = ["."]
  pruneopts = ""
  revision = "3a0bb77429bd3a61596f5e8a3172445844342120"

[[projects]]
  branch = "master"
  digest = "1:e6fe34bf0dcf7b1946677f7860d79609d8a1839de17568e8f2e9ff6bb116aedd"
  name = "github.com/franela/goblin"
  packages = ["."]
  pruneopts = ""
  revision = "cd5d08fb4ede9eaac1812fdb513552e7404eae2e"

[[projects]]
  digest = "1:d06e7ac122fa5b16e801c4009966fdf8188b03058d91c70c1dd5d34591c9afd4"
  name = "github.com/fsnotify/fsnotify"
  packages = ["."]
  pruneopts = ""
  revision = "f12c6236fe7b5cf6bcf30e5935d08cb079d78334"

[[projects]]
  digest = "1:6afabd0d0c0d5378bcf160233d5acaf8cc0a72635ff8ce7fcaf90eb4a2313fb7"
  name = "github.com/getsentry/raven-go"
  packages = ["."]
  pruneopts = ""
  revision = "c9d3cc542ad199f62c0264286be537f9bce6063c"

[[projects]]
  digest = "1:5957c39aeb0926f8c1ef107a5062adb0b03958458e8b03021034727c0434cd0d"
  name = "github.com/go-pg/pg"
  packages = [
    ".",
    "internal",
    "internal/parser",
    "internal/pool",
    "orm",
    "types",
  ]
  pruneopts = ""
  revision = "24dfe0572921e42ffe1035f7afbd40f9d97cb8c8"
  version = "v6.10.0"

[[projects]]
  branch = "master"
  digest = "1:e85c1f88827f01609363b605ee9157f8467fa9ffe0b7e0d6a1f2469cda5785c2"
  name = "github.com/gocql/gocql"
  packages = [
    ".",
    "internal/lru",
    "internal/murmur",
    "internal/streams",
  ]
  pruneopts = ""
  revision = "181004e14a3fb735efcc826a4256369d0c96747b"

[[projects]]
  digest = "1:a1bad350477afbc84e8cbe5c78be4579478c55335377239631ff0adb985fbabc"
  name = "github.com/golang/mock"
  packages = ["gomock"]
  pruneopts = ""
  revision = "13f360950a79f5864a972c786a10a50e44b69541"
  version = "v1.0.0"

[[projects]]
  digest = "1:bcb38c8fc9b21bb8682ce2d605a7d4aeb618abc7f827e3ac0b27c0371fdb23fb"
  name = "github.com/golang/protobuf"
  packages = ["proto"]
  pruneopts = ""
  revision = "925541529c1fa6821df4e44ce2723319eb2be768"
  version = "v1.0.0"

[[projects]]
  branch = "master"
  digest = "1:09307dfb1aa3f49a2bf869dcfa4c6c06ecd3c207221bd1c1a1141f0e51f209eb"
  name = "github.com/golang/snappy"
  packages = ["."]
  pruneopts = ""
  revision = "553a641470496b2327abcac10b36396bd98e45c9"

[[projects]]
  digest = "1:20ed7daa9b3b38b6d1d39b48ab3fd31122be5419461470d0c28de3e121c93ecf"
  name = "github.com/gorilla/context"
  packages = ["."]
  pruneopts = ""
  revision = "1ea25387ff6f684839d82767c1733ff4d4d15d0a"
  version = "v1.1"

[[projects]]
  digest = "1:aa016bbb412f496a7baed9e02787a60cd15c9a3edfa72da9c4a95d6cea610334"
  name = "github.com/gorilla/mux"
  packages = ["."]
  pruneopts = ""
  revision = "53c1911da2b537f792e7cafcb446b05ffe33b996"
  version = "v1.6.1"

[[projects]]
  branch = "master"
  digest = "1:60b7bc5e043a11213472ae05252527287d20e0a6ccc18f6ae67fad88e41004de"
  name = "github.com/hailocab/go-hostpool"
  packages = ["."]
  pruneopts = ""
  revision = "e80d13ce29ede4452c43dea11e79b9bc8a15b478"

[[projects]]
  digest = "1:eb2c7fb86c555add99d43dfce6d65c314c02ab450bdc9fff19313ca2566e76f7"
  name = "github.com/hashicorp/hcl"
  packages = [
    ".",
    "hcl/ast",
    "hcl/parser",
    "hcl/printer",
    "hcl/scanner",
    "hcl/strconv",
    "hcl/token",
    "json/parser",
    "json/scanner",
    "json/token",
  ]
  pruneopts = ""
  revision = "baeb59c710717b06aac1dbe2270e8192ec593244"

[[projects]]
  digest = "1:870d441fe217b8e689d7949fef6e43efbc787e50f200cb1e70dbca9204a1d6be"
  name = "github.com/inconshreveable/mousetrap"
  packages = ["."]
  pruneopts = ""
  revision = "76626ae9c91c4f2a10f34cad8ce83ea42c93bb75"
  version = "v1.0"

[[projects]]
  branch = "master"
  digest = "1:d9a7385b84d8187fd94e0357045c6fa1147ca94caa56fdd539336c7c102fc728"
  name = "github.com/jinzhu/inflection"
  packages = ["."]
  pruneopts = ""
  revision = "04140366298a54a039076d798123ffa108fff46c"

[[projects]]
  branch = "master"
  digest = "1:abde445510ed7b23086372c0bfdb607091e8118ca94ee853153a2d7709d65087"
  name = "github.com/kr/fs"
  packages = ["."]
  pruneopts = ""
  revision = "2788f0dbd16903de03cb8186e5c7d97b69ad387b"

[[projects]]
  digest = "1:8035af8adcc587a7388f45060ab86631a7220bd0764b80932144d8fb03278893"
  name = "github.com/labstack/echo"
  packages = [
    ".",
    "context",
    "engine",
    "engine/standard",
    "log",
  ]
  pruneopts = ""
  revision = "04e6901d05b58ddbae579a6252a3d1bb3f334adc"
  version = "v2.1"

[[projects]]
  digest = "1:8374ecef89bd1af655c74a905cce74a74dbb6598b35c0233b9d7e75abe26bf48"
  name = "github.com/labstack/gommon"
  packages = [
    "color",
    "log",
  ]
  pruneopts = ""
  revision = "2d272df536d051e737aea353b86c979d6e88bce0"
  version = "v0.1.0"

[[projects]]
  digest = "1:1b172187ee0e34891ab161761f9898e147568b4aea736f4a909ffeeb90527121"
  name = "github.com/magiconair/properties"
  packages = ["."]
  pruneopts = ""
  revision = "61b492c03cf472e0c6419be5899b8e0dc28b1b88"

[[projects]]
  digest = "1:3781fabc2dfd60aa62764f5cf54b84fc4eed5b629bddd69d15c8a7e1db076be7"
  name = "github.com/mattn/go-colorable"
  packages = ["."]
  pruneopts = ""
  revision = "ed8eb9e318d7a84ce5915b495b7d35e0cfe7b5a8"
  version = "v0.0.6"

[[projects]]
  digest = "1:9f2f6c5cd374ff92ac60c9da0e87155bd8ca98d7c1b94defe268aa274f94f185"
  name = "github.com/mattn/go-isatty"
  packages = ["."]
  pruneopts = ""
  revision = "66b8e73f3f5cda9f96b69efd03dd3d7fc4a5cdb8"

[[projects]]
  digest = "1:12d6a272212cab463ba0dc10082d2c902d02b9e571c4d27e983b6a774873aa4a"
  name = "github.com/mitchellh/mapstructure"
  packages = ["."]
  pruneopts = ""
  revision = "ca63d7c062ee3c9f34db231e352b60012b4fd0c1"

[[projects]]
  digest = "1:1189f107876e88cb0a308644d42fe380a3748de275d22ff8bdaec7acf4bb3fe0"
  name = "github.com/newrelic/go-agent"
  packages = [
    ".",
    "internal",
    "internal/jsonx",
    "internal/logger",
    "internal/sysinfo",
    "internal/utilization",
  ]
  pruneopts = ""
  revision = "372845e16294c9fa73951b27d5631b601643fc51"
  version = "v1.4.0"

[[projects]]
  digest = "1:31805b6b38e97de719080813690258f8777475c4dfe82242013b7209acf9e3c0"
  name = "github.com/onsi/gomega"
  packages = [
    ".",
    "format",
    "internal/assertion",
    "internal/asyncassertion",
    "internal/oraclematcher",
    "internal/testingtsupport",
    "matchers",
    "matchers/support/goraph/bipartitegraph",
    "matchers/support/goraph/edge",
    "matchers/support/goraph/node",
    "matchers/support/goraph/util",
    "types",
  ]
  pruneopts = ""
  revision = "c90bd38f8da6e92f8b114953db2f0ad7361fb4b4"

[[projects]]
  branch = "master"
  digest = "1:05299a5fae20b7f12c0f0ccc0281fe5091a2b671f8380084352fda354651e101"
  name = "github.com/op/go-logging"
  packages = ["."]
  pruneopts = ""
  revision = "970db520ece77730c7e4724c61121037378659d9"

[[projects]]
  digest = "1:78fb99d6011c2ae6c72f3293a83951311147b12b06a5ffa43abf750c4fab6ac5"
  name = "github.com/opentracing/opentracing-go"
  packages = [
    ".",
    "ext",
    "log",
  ]
  pruneopts = ""
  revision = "1949ddbfd147afd4d964a9f00b24eb291e0e7c38"
  version = "v1.0.2"

[[projects]]
  digest = "1:d60cfeee185019d4fcd35e8c89c83aff576e4723b6100300bf67b05be961388f"
  name = "github.com/pelletier/go-toml"
  packages = ["."]
  pruneopts = ""
  revision = "acdc4509485b587f5e675510c4f2c63e90ff68a8"
  version = "v1.1.0"

[[projects]]
  digest = "1:1ba693169da39d1f61ac5e473bfe7bee0aca4fdc0f2ef71f331ab6c9410e0f3b"
  name = "github.com/pkg/errors"
  packages = ["."]
  pruneopts = ""
  revision = "17b591df37844cde689f4d5813e5cea0927d8dd2"
  version = "v0.7.1"

[[projects]]
  digest = "1:faa596acd94e782a8f117486f72a3627f4407e5508a8930e69c7aec39efaf00f"
  name = "github.com/pkg/sftp"
  packages = ["."]
  pruneopts = ""
  revision = "a71e8f580e3b622ebff585309160b1cc549ef4d2"

[[projects]]
  digest = "1:348e04577883081f6cae3c1fe20eaceab276644bf51a5c8c70ef5b55a564df7b"
  name = "github.com/satori/go.uuid"
  packages = ["."]
  pruneopts = ""
  revision = "0aa62d5ddceb50dbcb909d790b5345affd3669b6"

[[projects]]
  digest = "1:8cf46b6c18a91068d446e26b67512cf16f1540b45d90b28b9533706a127f0ca6"
  name = "github.com/sirupsen/logrus"
  packages = ["."]
  pruneopts = ""
  revision = "c155da19408a8799da419ed3eeb0cb5db0ad5dbc"
  version = "v1.0.5"

[[projects]]
  digest = "1:9a39f83d3e357e48cdb92e72a5bcd4673c29f5ded61c49c137fe95d357628ff4"
  name = "github.com/spf13/afero"
  packages = [
    ".",
    "mem",
    "sftp",
  ]
  pruneopts = ""
  revision = "20500e2abd0d1f4564a499e83d11d6c73cd58c27"

[[projects]]
  digest = "1:8c8f51ad1e1cab10f8ccc232dc38e8e5a2eaad5a1d9d406770b19069ebc11279"
  name = "github.com/spf13/cast"
  packages = ["."]
  pruneopts = ""
  revision = "e31f36ffc91a2ba9ddb72a4b6a607ff9b3d3cb63"

[[projects]]
  digest = "1:f18caba2de2974670a74799706622ea344dce10a35a119e553d48f66910bf2df"
  name = "github.com/spf13/cobra"
  packages = ["."]
  pruneopts = ""
  revision = "37c3f8060359192150945916cbc2d72bce804b4d"

[[projects]]
  digest = "1:f0116a3f4f5b36e3917f7758c67a80488606288f87e716e88f11b845200cc003"
  name = "github.com/spf13/jwalterweatherman"
  packages = ["."]
  pruneopts = ""
  revision = "33c24e77fb80341fe7130ee7c594256ff08ccc46"

[[projects]]
  digest = "1:45e7882423cae3786e7b9a6a1b5bc7e035bd43b1f6802a18c956d8a1ff4c9fe3"
  name = "github.com/spf13/pflag"
  packages = ["."]
  pruneopts = ""
  revision = "103ce5cd2042f2fe629c1957abb64ab3e7f50235"

[[projects]]
  digest = "1:3dab237cd3263a290d771d133fed777bb56c22e380b00ebe92e6531d5c8d3d0c"
  name = "github.com/spf13/viper"
  packages = ["."]
  pruneopts = ""
  revision = "b5e8006cbee93ec955a89ab31e0e3ce3204f3736"
  version = "v1.0.2"

[[projects]]
  digest = "1:b1dc802c161943e2a13b5aeaaed15b2b64bda94aecb6d79073657ebba77d7820"
  name = "github.com/topfreegames/extensions"
  packages = [
    "cassandra",
    "cassandra/interfaces",
    "dogstatsd",
    "echo",
    "echo/middleware",
    "jaeger",
    "jaeger/echo",
    "jaeger/mongo",
    "middleware",
    "mongo",
    "mongo/interfaces",
    "oauth2",
    "pg/interfaces",
  ]
  pruneopts = ""
  revision = "6899921e24d80b91787fac4b8d1810bb1e557c27"
  version = "v5.18.1"

[[projects]]
  digest = "1:a44e046008ed8ce49423be06ea05a7f234333f19c91f9c482b11170d579c3122"
  name = "github.com/uber-go/atomic"
  packages = ["."]
  pruneopts = ""
  revision = "0c9e689d64f004564b79d9a663634756df322902"
  version = "v1.0.0"

[[projects]]
  digest = "1:b7ad2489bab605d169f5ef45d14bca571182e30a583ae1c210fa1f41c9ef1b33"
  name = "github.com/uber-go/zap"
  packages = ["."]
  pruneopts = ""
  revision = "d11d2851fcabcf03421c4dbdbc3146fc74eb1035"

[[projects]]
  digest = "1:81f9e808d6281e9e3c62b14df4ae363515cb4877c626799ad3aea15802ed9f79"
  name = "github.com/uber/jaeger-client-go"
  packages = [
    ".",
    "config",
    "internal/baggage",
    "internal/baggage/remote",
    "internal/spanlog",
    "internal/throttler",
    "log",
    "rpcmetrics",
    "thrift-gen/agent",
    "thrift-gen/baggage",
    "thrift-gen/jaeger",
    "thrift-gen/sampling",
    "thrift-gen/zipkincore",
    "utils",
  ]
  pruneopts = ""
  revision = "c107110d057826281414cb964f167bce5be17588"
  version = "v2.12.0"

[[projects]]
  digest = "1:ea30f571b4be9978d3a538cf2107c5341aee6d085e8e61468613a8c8e164d15a"
  name = "github.com/uber/jaeger-lib"
  packages = ["metrics"]
  pruneopts = ""
  revision = "4267858c0679cd4e47cefed8d7f70fd386cfb567"
  version = "v1.4.0"

[[projects]]
  digest = "1:fed3051e3c215acb005b12113f7016a4c9089a272ebd4d5bf10f2e7f7719cc21"
  name = "github.com/valyala/fasttemplate"
  packages = ["."]
  pruneopts = ""
  revision = "3b874956e03f1636d171bda64b130f9135f42cff"

[[projects]]
  digest = "1:a715a6ae32171450bc6e507ca80501c30f7e27988b16faa612bdf76456ee0491"
  name = "golang.org/x/crypto"
  packages = [
    "curve25519",
    "ed25519",
    "ed25519/internal/edwards25519",
    "ssh",
    "ssh/terminal",
  ]
  pruneopts = ""
  revision = "986d3313588aa5c68f1df95eac956f79cf3b2c01"

[[projects]]
  digest = "1:0654bbf7eba00709d78a190c3e8949f08cfea976d0859bc4660eda37aab87a0f"
  name = "golang.org/x/net"
  packages = [
    "context",
    "context/ctxhttp",
  ]
  pruneopts = ""
  revision = "7394c112eae4dba7e96bfcfe738e6373d61772b4"

[[projects]]
  branch = "master"
  digest = "1:e13a60dfc223b012633d565ce8a0a39530ce9ed00ee6b6a159279ac918ef936e"
  name = "golang.org/x/oauth2"
  packages = [
    ".",
    "google",
    "internal",
    "jws",
    "jwt",
  ]
  pruneopts = ""
  revision = "fdc9e635145ae97e6c2cb777c48305600cf515cb"

[[projects]]
  digest = "1:b5165ca5a79287b24f024ba885a6c40c58ef5415372b37bce9dc86c29c19a4ee"
  name = "golang.org/x/sys"
  packages = ["unix"]
  pruneopts = ""
  revision = "a646d33e2ee3172a661fc09bca23bb4889a41bc8"

[[projects]]
  digest = "1:1b754aa0122711e88d3aa5bc61cf21d1dcde4ae406c87ff6d7aa773aa2f274ec"
  name = "golang.org/x/text"
  packages = [
    "internal/gen",
    "internal/triegen",
    "internal/ucd",
    "transform",
    "unicode/cldr",
    "unicode/norm",
  ]
  pruneopts = ""
  revision = "d69c40b4be55797923cec7457fac7a244d91a9b6"

[[projects]]
  digest = "1:934fb8966f303ede63aa405e2c8d7f0a427a05ea8df335dfdc1833dd4d40756f"
  name = "google.golang.org/appengine"
  packages = [
    ".",
    "internal",
    "internal/app_identity",
    "internal/base",
    "internal/datastore",
    "internal/log",
    "internal/modules",
    "internal/remote_api",
    "internal/urlfetch",
    "urlfetch",
  ]
  pruneopts = ""
  revision = "150dc57a1b433e64154302bdc40b6bb8aefa313a"
  version = "v1.0.0"

[[projects]]
  digest = "1:75fb3fcfc73a8c723efde7777b40e8e8ff9babf30d8c56160d01beffea8a95a6"
  name = "gopkg.in/inf.v0"
  packages = ["."]
  pruneopts = ""
  revision = "d2d2541c53f18d2a059457998ce2876cc8e67cbf"
  version = "v0.9.1"

[[projects]]
  branch = "v2"
  digest = "1:c80894778314c7fb90d94a5ab925214900e1341afeddc953cda7398b8cdcd006"
  name = "gopkg.in/mgo.v2"
  packages = [
    ".",
    "bson",
    "internal/json",
    "internal/sasl",
    "internal/scram",
  ]
  pruneopts = ""
  revision = "3f83fa5005286a7fe593b055f0d7771a7dce4655"

[[projects]]
  digest = "1:59925e8b791ee90b60e4dc05099d34fd38d0922a2a8f9b4e700cb61fc421e6b2"
  name = "gopkg.in/yaml.v2"
  packages = ["."]
  pruneopts = ""
  revision = "e4d366fc3c7938e2958e662b4258c7a89e1f0e3e"

[solve-meta]
  analyzer-name = "dep"
  analyzer-version = 1
  input-imports = [
    "github.com/franela/goblin",
    "github.com/getsentry/raven-go",
    "github.com/gocql/gocql",
    "github.com/labstack/echo",
    "github.com/labstack/echo/engine",
    "github.com/labstack/echo/engine/standard",
    "github.com/newrelic/go-agent",
    "github.com/onsi/gomega",
    "github.com/op/go-logging",
    "github.com/satori/go.uuid",
    "github.com/spf13/cobra",
    "github.com/spf13/viper",
    "github.com/topfreegames/extensions/cassandra",
    "github.com/topfreegames/extensions/cassandra/interfaces",
    "github.com/topfreegames/extensions/echo",
    "github.com/topfreegames/extensions/echo/middleware",
    "github.com/topfreegames/extensions/jaeger",
    "github.com/topfreegames/extensions/middleware",
    "github.com/topfreegames/extensions/mongo",
    "github.com/topfreegames/extensions/mongo/interfaces",
    "github.com/uber-go/zap",
    "gopkg.in/mgo.v2/bson",
  ]
  solver-name = "gps-cdcl"
  solver-version = 1
